// !$*UTF8*$!
{
	archiveVersion = 1;
	classes = {
	};
	objectVersion = 48;
	objects = {

/* Begin PBXBuildFile section */
		2275B06620C5B22B003F28D3 /* AppDelegate.swift in Sources */ = {isa = PBXBuildFile; fileRef = 2275B06520C5B22B003F28D3 /* AppDelegate.swift */; };
		2275B06820C5B22B003F28D3 /* ViewController.swift in Sources */ = {isa = PBXBuildFile; fileRef = 2275B06720C5B22B003F28D3 /* ViewController.swift */; };
		2275B06A20C5B22B003F28D3 /* Assets.xcassets in Resources */ = {isa = PBXBuildFile; fileRef = 2275B06920C5B22B003F28D3 /* Assets.xcassets */; };
		2275B06D20C5B22B003F28D3 /* Main.storyboard in Resources */ = {isa = PBXBuildFile; fileRef = 2275B06B20C5B22B003F28D3 /* Main.storyboard */; };
		2275B08420C5B256003F28D3 /* changetrackd.xpc in Embed XPC Services */ = {isa = PBXBuildFile; fileRef = 2275B07920C5B256003F28D3 /* changetrackd.xpc */; settings = {ATTRIBUTES = (RemoveHeadersOnCopy, ); }; };
		2275B08B20C5B3AC003F28D3 /* main.swift in Sources */ = {isa = PBXBuildFile; fileRef = 2275B08A20C5B3AC003F28D3 /* main.swift */; };
		2275B08F20C5B48F003F28D3 /* changetrackdimpl.swift in Sources */ = {isa = PBXBuildFile; fileRef = 2275B08E20C5B48F003F28D3 /* changetrackdimpl.swift */; };
		2275B09320C5B556003F28D3 /* LoginItem.m in Sources */ = {isa = PBXBuildFile; fileRef = 2275B09220C5B556003F28D3 /* LoginItem.m */; };
		2275B09620C5CA0C003F28D3 /* DataTypes.swift in Sources */ = {isa = PBXBuildFile; fileRef = 2275B09520C5CA0C003F28D3 /* DataTypes.swift */; };
		2275B09B20C706A9003F28D3 /* changetrackdproto.swift in Sources */ = {isa = PBXBuildFile; fileRef = 2275B08C20C5B408003F28D3 /* changetrackdproto.swift */; };
		2275B09E20C70729003F28D3 /* ServiceManagement.framework in Frameworks */ = {isa = PBXBuildFile; fileRef = 2275B09D20C70729003F28D3 /* ServiceManagement.framework */; };
		2275B09F20C70741003F28D3 /* DataTypes.swift in Sources */ = {isa = PBXBuildFile; fileRef = 2275B09520C5CA0C003F28D3 /* DataTypes.swift */; };
		2275B0A020C70743003F28D3 /* changetrackdproto.swift in Sources */ = {isa = PBXBuildFile; fileRef = 2275B08C20C5B408003F28D3 /* changetrackdproto.swift */; };
/* End PBXBuildFile section */

/* Begin PBXContainerItemProxy section */
		2275B08220C5B256003F28D3 /* PBXContainerItemProxy */ = {
			isa = PBXContainerItemProxy;
			containerPortal = 2275B05A20C5B22B003F28D3 /* Project object */;
			proxyType = 1;
			remoteGlobalIDString = 2275B07820C5B256003F28D3;
			remoteInfo = changetrackd;
		};
/* End PBXContainerItemProxy section */

/* Begin PBXCopyFilesBuildPhase section */
		2275B08820C5B256003F28D3 /* Embed XPC Services */ = {
			isa = PBXCopyFilesBuildPhase;
			buildActionMask = 2147483647;
			dstPath = "$(CONTENTS_FOLDER_PATH)/XPCServices";
			dstSubfolderSpec = 16;
			files = (
				2275B08420C5B256003F28D3 /* changetrackd.xpc in Embed XPC Services */,
			);
			name = "Embed XPC Services";
			runOnlyForDeploymentPostprocessing = 0;
		};
/* End PBXCopyFilesBuildPhase section */

/* Begin PBXFileReference section */
		2275B06220C5B22B003F28D3 /* ChangeTracker.app */ = {isa = PBXFileReference; explicitFileType = wrapper.application; includeInIndex = 0; path = ChangeTracker.app; sourceTree = BUILT_PRODUCTS_DIR; };
		2275B06520C5B22B003F28D3 /* AppDelegate.swift */ = {isa = PBXFileReference; lastKnownFileType = sourcecode.swift; path = AppDelegate.swift; sourceTree = "<group>"; };
		2275B06720C5B22B003F28D3 /* ViewController.swift */ = {isa = PBXFileReference; lastKnownFileType = sourcecode.swift; path = ViewController.swift; sourceTree = "<group>"; };
		2275B06920C5B22B003F28D3 /* Assets.xcassets */ = {isa = PBXFileReference; lastKnownFileType = folder.assetcatalog; path = Assets.xcassets; sourceTree = "<group>"; };
		2275B06C20C5B22B003F28D3 /* Base */ = {isa = PBXFileReference; lastKnownFileType = file.storyboard; name = Base; path = Base.lproj/Main.storyboard; sourceTree = "<group>"; };
		2275B06E20C5B22B003F28D3 /* Info.plist */ = {isa = PBXFileReference; lastKnownFileType = text.plist.xml; path = Info.plist; sourceTree = "<group>"; };
		2275B06F20C5B22B003F28D3 /* ChangeTracker.entitlements */ = {isa = PBXFileReference; lastKnownFileType = text.plist.entitlements; path = ChangeTracker.entitlements; sourceTree = "<group>"; };
		2275B07920C5B256003F28D3 /* changetrackd.xpc */ = {isa = PBXFileReference; explicitFileType = "wrapper.xpc-service"; includeInIndex = 0; path = changetrackd.xpc; sourceTree = BUILT_PRODUCTS_DIR; };
		2275B08120C5B256003F28D3 /* Info.plist */ = {isa = PBXFileReference; lastKnownFileType = text.plist.xml; path = Info.plist; sourceTree = "<group>"; };
		2275B08920C5B3AC003F28D3 /* changetrackd-Bridging-Header.h */ = {isa = PBXFileReference; lastKnownFileType = sourcecode.c.h; path = "changetrackd-Bridging-Header.h"; sourceTree = "<group>"; };
		2275B08A20C5B3AC003F28D3 /* main.swift */ = {isa = PBXFileReference; lastKnownFileType = sourcecode.swift; path = main.swift; sourceTree = "<group>"; };
		2275B08C20C5B408003F28D3 /* changetrackdproto.swift */ = {isa = PBXFileReference; lastKnownFileType = sourcecode.swift; path = changetrackdproto.swift; sourceTree = "<group>"; };
		2275B08E20C5B48F003F28D3 /* changetrackdimpl.swift */ = {isa = PBXFileReference; lastKnownFileType = sourcecode.swift; path = changetrackdimpl.swift; sourceTree = "<group>"; };
		2275B09020C5B556003F28D3 /* ChangeTracker-Bridging-Header.h */ = {isa = PBXFileReference; lastKnownFileType = sourcecode.c.h; path = "ChangeTracker-Bridging-Header.h"; sourceTree = "<group>"; };
		2275B09120C5B556003F28D3 /* LoginItem.h */ = {isa = PBXFileReference; lastKnownFileType = sourcecode.c.h; path = LoginItem.h; sourceTree = "<group>"; };
		2275B09220C5B556003F28D3 /* LoginItem.m */ = {isa = PBXFileReference; lastKnownFileType = sourcecode.c.objc; path = LoginItem.m; sourceTree = "<group>"; };
		2275B09420C5B711003F28D3 /* changetrackd.entitlements */ = {isa = PBXFileReference; lastKnownFileType = text.plist.entitlements; path = changetrackd.entitlements; sourceTree = "<group>"; };
		2275B09520C5CA0C003F28D3 /* DataTypes.swift */ = {isa = PBXFileReference; lastKnownFileType = sourcecode.swift; path = DataTypes.swift; sourceTree = "<group>"; };
		2275B09D20C70729003F28D3 /* ServiceManagement.framework */ = {isa = PBXFileReference; lastKnownFileType = wrapper.framework; name = ServiceManagement.framework; path = System/Library/Frameworks/ServiceManagement.framework; sourceTree = SDKROOT; };
/* End PBXFileReference section */

/* Begin PBXFrameworksBuildPhase section */
		2275B05F20C5B22B003F28D3 /* Frameworks */ = {
			isa = PBXFrameworksBuildPhase;
			buildActionMask = 2147483647;
			files = (
				2275B09E20C70729003F28D3 /* ServiceManagement.framework in Frameworks */,
			);
			runOnlyForDeploymentPostprocessing = 0;
		};
		2275B07620C5B256003F28D3 /* Frameworks */ = {
			isa = PBXFrameworksBuildPhase;
			buildActionMask = 2147483647;
			files = (
			);
			runOnlyForDeploymentPostprocessing = 0;
		};
/* End PBXFrameworksBuildPhase section */

/* Begin PBXGroup section */
		2275B05920C5B22B003F28D3 = {
			isa = PBXGroup;
			children = (
				2275B09A20C70696003F28D3 /* common */,
				2275B06420C5B22B003F28D3 /* ChangeTracker */,
				2275B07A20C5B256003F28D3 /* changetrackd */,
				2275B06320C5B22B003F28D3 /* Products */,
				2275B09C20C70729003F28D3 /* Frameworks */,
			);
			sourceTree = "<group>";
		};
		2275B06320C5B22B003F28D3 /* Products */ = {
			isa = PBXGroup;
			children = (
				2275B06220C5B22B003F28D3 /* ChangeTracker.app */,
				2275B07920C5B256003F28D3 /* changetrackd.xpc */,
			);
			name = Products;
			sourceTree = "<group>";
		};
		2275B06420C5B22B003F28D3 /* ChangeTracker */ = {
			isa = PBXGroup;
			children = (
				2275B06520C5B22B003F28D3 /* AppDelegate.swift */,
				2275B06720C5B22B003F28D3 /* ViewController.swift */,
				2275B06920C5B22B003F28D3 /* Assets.xcassets */,
				2275B06B20C5B22B003F28D3 /* Main.storyboard */,
				2275B06E20C5B22B003F28D3 /* Info.plist */,
				2275B06F20C5B22B003F28D3 /* ChangeTracker.entitlements */,
				2275B09120C5B556003F28D3 /* LoginItem.h */,
				2275B09220C5B556003F28D3 /* LoginItem.m */,
				2275B09020C5B556003F28D3 /* ChangeTracker-Bridging-Header.h */,
			);
			path = ChangeTracker;
			sourceTree = "<group>";
		};
		2275B07A20C5B256003F28D3 /* changetrackd */ = {
			isa = PBXGroup;
			children = (
				2275B09420C5B711003F28D3 /* changetrackd.entitlements */,
				2275B08120C5B256003F28D3 /* Info.plist */,
				2275B08A20C5B3AC003F28D3 /* main.swift */,
				2275B08920C5B3AC003F28D3 /* changetrackd-Bridging-Header.h */,
				2275B08E20C5B48F003F28D3 /* changetrackdimpl.swift */,
			);
			path = changetrackd;
			sourceTree = "<group>";
		};
		2275B09A20C70696003F28D3 /* common */ = {
			isa = PBXGroup;
			children = (
				2275B09520C5CA0C003F28D3 /* DataTypes.swift */,
				2275B08C20C5B408003F28D3 /* changetrackdproto.swift */,
			);
			path = common;
			sourceTree = "<group>";
		};
		2275B09C20C70729003F28D3 /* Frameworks */ = {
			isa = PBXGroup;
			children = (
				2275B09D20C70729003F28D3 /* ServiceManagement.framework */,
			);
			name = Frameworks;
			sourceTree = "<group>";
		};
/* End PBXGroup section */

/* Begin PBXNativeTarget section */
		2275B06120C5B22B003F28D3 /* ChangeTracker */ = {
			isa = PBXNativeTarget;
			buildConfigurationList = 2275B07220C5B22B003F28D3 /* Build configuration list for PBXNativeTarget "ChangeTracker" */;
			buildPhases = (
				2275B05E20C5B22B003F28D3 /* Sources */,
				2275B05F20C5B22B003F28D3 /* Frameworks */,
				2275B06020C5B22B003F28D3 /* Resources */,
				2275B08820C5B256003F28D3 /* Embed XPC Services */,
			);
			buildRules = (
			);
			dependencies = (
				2275B08320C5B256003F28D3 /* PBXTargetDependency */,
			);
			name = ChangeTracker;
			productName = ChangeTracker;
			productReference = 2275B06220C5B22B003F28D3 /* ChangeTracker.app */;
			productType = "com.apple.product-type.application";
		};
		2275B07820C5B256003F28D3 /* changetrackd */ = {
			isa = PBXNativeTarget;
			buildConfigurationList = 2275B08520C5B256003F28D3 /* Build configuration list for PBXNativeTarget "changetrackd" */;
			buildPhases = (
				2275B07520C5B256003F28D3 /* Sources */,
				2275B07620C5B256003F28D3 /* Frameworks */,
				2275B07720C5B256003F28D3 /* Resources */,
			);
			buildRules = (
			);
			dependencies = (
			);
			name = changetrackd;
			productName = changetrackd;
			productReference = 2275B07920C5B256003F28D3 /* changetrackd.xpc */;
			productType = "com.apple.product-type.xpc-service";
		};
/* End PBXNativeTarget section */

/* Begin PBXProject section */
		2275B05A20C5B22B003F28D3 /* Project object */ = {
			isa = PBXProject;
			attributes = {
				LastSwiftUpdateCheck = 0920;
				LastUpgradeCheck = 0920;
				ORGANIZATIONNAME = "Tim Woodford";
				TargetAttributes = {
					2275B06120C5B22B003F28D3 = {
						CreatedOnToolsVersion = 9.2;
						LastSwiftMigration = 0920;
						ProvisioningStyle = Automatic;
						SystemCapabilities = {
							com.apple.ApplicationGroups.Mac = {
								enabled = 1;
							};
							com.apple.Sandbox = {
								enabled = 0;
							};
						};
					};
					2275B07820C5B256003F28D3 = {
						CreatedOnToolsVersion = 9.2;
						LastSwiftMigration = 0920;
						ProvisioningStyle = Automatic;
						SystemCapabilities = {
							com.apple.ApplicationGroups.Mac = {
								enabled = 1;
							};
						};
					};
				};
			};
			buildConfigurationList = 2275B05D20C5B22B003F28D3 /* Build configuration list for PBXProject "ChangeTracker" */;
			compatibilityVersion = "Xcode 8.0";
			developmentRegion = en;
			hasScannedForEncodings = 0;
			knownRegions = (
				en,
				Base,
			);
			mainGroup = 2275B05920C5B22B003F28D3;
			productRefGroup = 2275B06320C5B22B003F28D3 /* Products */;
			projectDirPath = "";
			projectRoot = "";
			targets = (
				2275B06120C5B22B003F28D3 /* ChangeTracker */,
				2275B07820C5B256003F28D3 /* changetrackd */,
			);
		};
/* End PBXProject section */

/* Begin PBXResourcesBuildPhase section */
		2275B06020C5B22B003F28D3 /* Resources */ = {
			isa = PBXResourcesBuildPhase;
			buildActionMask = 2147483647;
			files = (
				2275B06A20C5B22B003F28D3 /* Assets.xcassets in Resources */,
				2275B06D20C5B22B003F28D3 /* Main.storyboard in Resources */,
			);
			runOnlyForDeploymentPostprocessing = 0;
		};
		2275B07720C5B256003F28D3 /* Resources */ = {
			isa = PBXResourcesBuildPhase;
			buildActionMask = 2147483647;
			files = (
			);
			runOnlyForDeploymentPostprocessing = 0;
		};
/* End PBXResourcesBuildPhase section */

/* Begin PBXSourcesBuildPhase section */
		2275B05E20C5B22B003F28D3 /* Sources */ = {
			isa = PBXSourcesBuildPhase;
			buildActionMask = 2147483647;
			files = (
				2275B09320C5B556003F28D3 /* LoginItem.m in Sources */,
				2275B09B20C706A9003F28D3 /* changetrackdproto.swift in Sources */,
				2275B09620C5CA0C003F28D3 /* DataTypes.swift in Sources */,
				2275B06820C5B22B003F28D3 /* ViewController.swift in Sources */,
				2275B06620C5B22B003F28D3 /* AppDelegate.swift in Sources */,
			);
			runOnlyForDeploymentPostprocessing = 0;
		};
		2275B07520C5B256003F28D3 /* Sources */ = {
			isa = PBXSourcesBuildPhase;
			buildActionMask = 2147483647;
			files = (
				2275B09F20C70741003F28D3 /* DataTypes.swift in Sources */,
				2275B0A020C70743003F28D3 /* changetrackdproto.swift in Sources */,
				2275B08B20C5B3AC003F28D3 /* main.swift in Sources */,
				2275B08F20C5B48F003F28D3 /* changetrackdimpl.swift in Sources */,
			);
			runOnlyForDeploymentPostprocessing = 0;
		};
/* End PBXSourcesBuildPhase section */

/* Begin PBXTargetDependency section */
		2275B08320C5B256003F28D3 /* PBXTargetDependency */ = {
			isa = PBXTargetDependency;
			target = 2275B07820C5B256003F28D3 /* changetrackd */;
			targetProxy = 2275B08220C5B256003F28D3 /* PBXContainerItemProxy */;
		};
/* End PBXTargetDependency section */

/* Begin PBXVariantGroup section */
		2275B06B20C5B22B003F28D3 /* Main.storyboard */ = {
			isa = PBXVariantGroup;
			children = (
				2275B06C20C5B22B003F28D3 /* Base */,
			);
			name = Main.storyboard;
			sourceTree = "<group>";
		};
/* End PBXVariantGroup section */

/* Begin XCBuildConfiguration section */
		2275B07020C5B22B003F28D3 /* Debug */ = {
			isa = XCBuildConfiguration;
			buildSettings = {
				ALWAYS_SEARCH_USER_PATHS = NO;
				CLANG_ANALYZER_NONNULL = YES;
				CLANG_ANALYZER_NUMBER_OBJECT_CONVERSION = YES_AGGRESSIVE;
				CLANG_CXX_LANGUAGE_STANDARD = "gnu++14";
				CLANG_CXX_LIBRARY = "libc++";
				CLANG_ENABLE_MODULES = YES;
				CLANG_ENABLE_OBJC_ARC = YES;
				CLANG_WARN_BLOCK_CAPTURE_AUTORELEASING = YES;
				CLANG_WARN_BOOL_CONVERSION = YES;
				CLANG_WARN_COMMA = YES;
				CLANG_WARN_CONSTANT_CONVERSION = YES;
				CLANG_WARN_DIRECT_OBJC_ISA_USAGE = YES_ERROR;
				CLANG_WARN_DOCUMENTATION_COMMENTS = YES;
				CLANG_WARN_EMPTY_BODY = YES;
				CLANG_WARN_ENUM_CONVERSION = YES;
				CLANG_WARN_INFINITE_RECURSION = YES;
				CLANG_WARN_INT_CONVERSION = YES;
				CLANG_WARN_NON_LITERAL_NULL_CONVERSION = YES;
				CLANG_WARN_OBJC_LITERAL_CONVERSION = YES;
				CLANG_WARN_OBJC_ROOT_CLASS = YES_ERROR;
				CLANG_WARN_RANGE_LOOP_ANALYSIS = YES;
				CLANG_WARN_STRICT_PROTOTYPES = YES;
				CLANG_WARN_SUSPICIOUS_MOVE = YES;
				CLANG_WARN_UNGUARDED_AVAILABILITY = YES_AGGRESSIVE;
				CLANG_WARN_UNREACHABLE_CODE = YES;
				CLANG_WARN__DUPLICATE_METHOD_MATCH = YES;
				CODE_SIGN_IDENTITY = "Mac Developer";
				COPY_PHASE_STRIP = NO;
				DEBUG_INFORMATION_FORMAT = dwarf;
				ENABLE_STRICT_OBJC_MSGSEND = YES;
				ENABLE_TESTABILITY = YES;
				GCC_C_LANGUAGE_STANDARD = gnu11;
				GCC_DYNAMIC_NO_PIC = NO;
				GCC_NO_COMMON_BLOCKS = YES;
				GCC_OPTIMIZATION_LEVEL = 0;
				GCC_PREPROCESSOR_DEFINITIONS = (
					"DEBUG=1",
					"$(inherited)",
				);
				GCC_WARN_64_TO_32_BIT_CONVERSION = YES;
				GCC_WARN_ABOUT_RETURN_TYPE = YES_ERROR;
				GCC_WARN_UNDECLARED_SELECTOR = YES;
				GCC_WARN_UNINITIALIZED_AUTOS = YES_AGGRESSIVE;
				GCC_WARN_UNUSED_FUNCTION = YES;
				GCC_WARN_UNUSED_VARIABLE = YES;
				MACOSX_DEPLOYMENT_TARGET = 10.13;
				MTL_ENABLE_DEBUG_INFO = YES;
				ONLY_ACTIVE_ARCH = YES;
				SDKROOT = macosx;
				SWIFT_ACTIVE_COMPILATION_CONDITIONS = DEBUG;
				SWIFT_OPTIMIZATION_LEVEL = "-Onone";
			};
			name = Debug;
		};
		2275B07120C5B22B003F28D3 /* Release */ = {
			isa = XCBuildConfiguration;
			buildSettings = {
				ALWAYS_SEARCH_USER_PATHS = NO;
				CLANG_ANALYZER_NONNULL = YES;
				CLANG_ANALYZER_NUMBER_OBJECT_CONVERSION = YES_AGGRESSIVE;
				CLANG_CXX_LANGUAGE_STANDARD = "gnu++14";
				CLANG_CXX_LIBRARY = "libc++";
				CLANG_ENABLE_MODULES = YES;
				CLANG_ENABLE_OBJC_ARC = YES;
				CLANG_WARN_BLOCK_CAPTURE_AUTORELEASING = YES;
				CLANG_WARN_BOOL_CONVERSION = YES;
				CLANG_WARN_COMMA = YES;
				CLANG_WARN_CONSTANT_CONVERSION = YES;
				CLANG_WARN_DIRECT_OBJC_ISA_USAGE = YES_ERROR;
				CLANG_WARN_DOCUMENTATION_COMMENTS = YES;
				CLANG_WARN_EMPTY_BODY = YES;
				CLANG_WARN_ENUM_CONVERSION = YES;
				CLANG_WARN_INFINITE_RECURSION = YES;
				CLANG_WARN_INT_CONVERSION = YES;
				CLANG_WARN_NON_LITERAL_NULL_CONVERSION = YES;
				CLANG_WARN_OBJC_LITERAL_CONVERSION = YES;
				CLANG_WARN_OBJC_ROOT_CLASS = YES_ERROR;
				CLANG_WARN_RANGE_LOOP_ANALYSIS = YES;
				CLANG_WARN_STRICT_PROTOTYPES = YES;
				CLANG_WARN_SUSPICIOUS_MOVE = YES;
				CLANG_WARN_UNGUARDED_AVAILABILITY = YES_AGGRESSIVE;
				CLANG_WARN_UNREACHABLE_CODE = YES;
				CLANG_WARN__DUPLICATE_METHOD_MATCH = YES;
				CODE_SIGN_IDENTITY = "Mac Developer";
				COPY_PHASE_STRIP = NO;
				DEBUG_INFORMATION_FORMAT = "dwarf-with-dsym";
				ENABLE_NS_ASSERTIONS = NO;
				ENABLE_STRICT_OBJC_MSGSEND = YES;
				GCC_C_LANGUAGE_STANDARD = gnu11;
				GCC_NO_COMMON_BLOCKS = YES;
				GCC_WARN_64_TO_32_BIT_CONVERSION = YES;
				GCC_WARN_ABOUT_RETURN_TYPE = YES_ERROR;
				GCC_WARN_UNDECLARED_SELECTOR = YES;
				GCC_WARN_UNINITIALIZED_AUTOS = YES_AGGRESSIVE;
				GCC_WARN_UNUSED_FUNCTION = YES;
				GCC_WARN_UNUSED_VARIABLE = YES;
				MACOSX_DEPLOYMENT_TARGET = 10.13;
				MTL_ENABLE_DEBUG_INFO = NO;
				SDKROOT = macosx;
				SWIFT_OPTIMIZATION_LEVEL = "-Owholemodule";
			};
			name = Release;
		};
		2275B07320C5B22B003F28D3 /* Debug */ = {
			isa = XCBuildConfiguration;
			buildSettings = {
				ALWAYS_EMBED_SWIFT_STANDARD_LIBRARIES = YES;
				ASSETCATALOG_COMPILER_APPICON_NAME = AppIcon;
				CLANG_ENABLE_MODULES = YES;
				CODE_SIGN_ENTITLEMENTS = ChangeTracker/ChangeTracker.entitlements;
				CODE_SIGN_STYLE = Automatic;
				COMBINE_HIDPI_IMAGES = YES;
				DEVELOPMENT_TEAM = V3585DUGLZ;
				INFOPLIST_FILE = ChangeTracker/Info.plist;
				LD_RUNPATH_SEARCH_PATHS = "$(inherited) @executable_path/../Frameworks";
				PRODUCT_BUNDLE_IDENTIFIER = home.asterius.ChangeTracker;
				PRODUCT_NAME = "$(TARGET_NAME)";
				SWIFT_OBJC_BRIDGING_HEADER = "ChangeTracker/ChangeTracker-Bridging-Header.h";
				SWIFT_OPTIMIZATION_LEVEL = "-Onone";
				SWIFT_VERSION = 4.0;
			};
			name = Debug;
		};
		2275B07420C5B22B003F28D3 /* Release */ = {
			isa = XCBuildConfiguration;
			buildSettings = {
				ALWAYS_EMBED_SWIFT_STANDARD_LIBRARIES = YES;
				ASSETCATALOG_COMPILER_APPICON_NAME = AppIcon;
				CLANG_ENABLE_MODULES = YES;
				CODE_SIGN_ENTITLEMENTS = ChangeTracker/ChangeTracker.entitlements;
				CODE_SIGN_STYLE = Automatic;
				COMBINE_HIDPI_IMAGES = YES;
				DEVELOPMENT_TEAM = V3585DUGLZ;
				INFOPLIST_FILE = ChangeTracker/Info.plist;
				LD_RUNPATH_SEARCH_PATHS = "$(inherited) @executable_path/../Frameworks";
				PRODUCT_BUNDLE_IDENTIFIER = home.asterius.ChangeTracker;
				PRODUCT_NAME = "$(TARGET_NAME)";
				SWIFT_OBJC_BRIDGING_HEADER = "ChangeTracker/ChangeTracker-Bridging-Header.h";
				SWIFT_VERSION = 4.0;
			};
			name = Release;
		};
		2275B08620C5B256003F28D3 /* Debug */ = {
			isa = XCBuildConfiguration;
			buildSettings = {
				CLANG_ENABLE_MODULES = YES;
				CODE_SIGN_ENTITLEMENTS = changetrackd/changetrackd.entitlements;
				CODE_SIGN_STYLE = Automatic;
				COMBINE_HIDPI_IMAGES = YES;
				DEVELOPMENT_TEAM = V3585DUGLZ;
				INFOPLIST_FILE = changetrackd/Info.plist;
				LD_RUNPATH_SEARCH_PATHS = "$(inherited) @executable_path/../Frameworks @loader_path/../Frameworks";
				PRODUCT_BUNDLE_IDENTIFIER = home.asterius.changetrackd;
				PRODUCT_NAME = "$(TARGET_NAME)";
				SKIP_INSTALL = YES;
				SWIFT_OBJC_BRIDGING_HEADER = "changetrackd/changetrackd-Bridging-Header.h";
				SWIFT_OPTIMIZATION_LEVEL = "-Onone";
				SWIFT_VERSION = 3.0;
			};
			name = Debug;
		};
		2275B08720C5B256003F28D3 /* Release */ = {
			isa = XCBuildConfiguration;
			buildSettings = {
				CLANG_ENABLE_MODULES = YES;
				CODE_SIGN_ENTITLEMENTS = changetrackd/changetrackd.entitlements;
				CODE_SIGN_STYLE = Automatic;
				COMBINE_HIDPI_IMAGES = YES;
				DEVELOPMENT_TEAM = V3585DUGLZ;
				INFOPLIST_FILE = changetrackd/Info.plist;
				LD_RUNPATH_SEARCH_PATHS = "$(inherited) @executable_path/../Frameworks @loader_path/../Frameworks";
				PRODUCT_BUNDLE_IDENTIFIER = home.asterius.changetrackd;
				PRODUCT_NAME = "$(TARGET_NAME)";
				SKIP_INSTALL = YES;
				SWIFT_OBJC_BRIDGING_HEADER = "changetrackd/changetrackd-Bridging-Header.h";
				SWIFT_VERSION = 3.0;
			};
			name = Release;
		};
/* End XCBuildConfiguration section */

/* Begin XCConfigurationList section */
		2275B05D20C5B22B003F28D3 /* Build configuration list for PBXProject "ChangeTracker" */ = {
			isa = XCConfigurationList;
			buildConfigurations = (
				2275B07020C5B22B003F28D3 /* Debug */,
				2275B07120C5B22B003F28D3 /* Release */,
			);
			defaultConfigurationIsVisible = 0;
			defaultConfigurationName = Release;
		};
		2275B07220C5B22B003F28D3 /* Build configuration list for PBXNativeTarget "ChangeTracker" */ = {
			isa = XCConfigurationList;
			buildConfigurations = (
				2275B07320C5B22B003F28D3 /* Debug */,
				2275B07420C5B22B003F28D3 /* Release */,
			);
			defaultConfigurationIsVisible = 0;
			defaultConfigurationName = Release;
		};
		2275B08520C5B256003F28D3 /* Build configuration list for PBXNativeTarget "changetrackd" */ = {
			isa = XCConfigurationList;
			buildConfigurations = (
				2275B08620C5B256003F28D3 /* Debug */,
				2275B08720C5B256003F28D3 /* Release */,
			);
			defaultConfigurationIsVisible = 0;
			defaultConfigurationName = Release;
		};
/* End XCConfigurationList section */
	};
	rootObject = 2275B05A20C5B22B003F28D3 /* Project object */;
}
